
Microsoft Visual Studio Solution File, Format Version 12.00
# Visual Studio 15
VisualStudioVersion = 15.0.27004.2005
MinimumVisualStudioVersion = 10.0.40219.1
Project("{8BC9CEB8-8B4A-11D0-8D11-00A0C91BC942}") = "IncohAutoCorrelate", "IncohAutoCorrelate\IncohAutoCorrelate.vcxproj", "{F0FD0E5B-A41F-4601-A98A-2952673AEDBC}"
EndProject
Project("{2150E333-8FDC-42A3-9474-1A3956D46DE8}") = "Solution Items", "Solution Items", "{85C44E76-AA62-463B-8E36-9BF975AF594B}"
	ProjectSection(SolutionItems) = preProject
		Readme.txt = Readme.txt
	EndProjectSection
EndProject
Project("{8BC9CEB8-8B4A-11D0-8D11-00A0C91BC942}") = "DetPhStatSim", "DetPhStatSim\DetPhStatSim.vcxproj", "{4AFD2392-6E4A-42A8-812B-4E7FD0E16E29}"
EndProject
Global
	GlobalSection(SolutionConfigurationPlatforms) = preSolution
		Debug|ARM = Debug|ARM
		Debug|ARM64 = Debug|ARM64
		Debug|x64 = Debug|x64
		Debug|x86 = Debug|x86
		Release|ARM = Release|ARM
		Release|ARM64 = Release|ARM64
		Release|x64 = Release|x64
		Release|x86 = Release|x86
	EndGlobalSection
	GlobalSection(ProjectConfigurationPlatforms) = postSolution
		{F0FD0E5B-A41F-4601-A98A-2952673AEDBC}.Debug|ARM.ActiveCfg = Debug|ARM
		{F0FD0E5B-A41F-4601-A98A-2952673AEDBC}.Debug|ARM.Build.0 = Debug|ARM
		{F0FD0E5B-A41F-4601-A98A-2952673AEDBC}.Debug|ARM64.ActiveCfg = Debug|x86
		{F0FD0E5B-A41F-4601-A98A-2952673AEDBC}.Debug|x64.ActiveCfg = Debug|x64
		{F0FD0E5B-A41F-4601-A98A-2952673AEDBC}.Debug|x64.Build.0 = Debug|x64
		{F0FD0E5B-A41F-4601-A98A-2952673AEDBC}.Debug|x86.ActiveCfg = Debug|x86
		{F0FD0E5B-A41F-4601-A98A-2952673AEDBC}.Debug|x86.Build.0 = Debug|x86
		{F0FD0E5B-A41F-4601-A98A-2952673AEDBC}.Release|ARM.ActiveCfg = Release|ARM
		{F0FD0E5B-A41F-4601-A98A-2952673AEDBC}.Release|ARM.Build.0 = Release|ARM
		{F0FD0E5B-A41F-4601-A98A-2952673AEDBC}.Release|ARM64.ActiveCfg = Release|x86
		{F0FD0E5B-A41F-4601-A98A-2952673AEDBC}.Release|x64.ActiveCfg = Release|x64
		{F0FD0E5B-A41F-4601-A98A-2952673AEDBC}.Release|x64.Build.0 = Release|x64
		{F0FD0E5B-A41F-4601-A98A-2952673AEDBC}.Release|x86.ActiveCfg = Release|x86
		{F0FD0E5B-A41F-4601-A98A-2952673AEDBC}.Release|x86.Build.0 = Release|x86
		{4AFD2392-6E4A-42A8-812B-4E7FD0E16E29}.Debug|ARM.ActiveCfg = Debug|ARM
		{4AFD2392-6E4A-42A8-812B-4E7FD0E16E29}.Debug|ARM.Build.0 = Debug|ARM
		{4AFD2392-6E4A-42A8-812B-4E7FD0E16E29}.Debug|ARM64.ActiveCfg = Debug|ARM64
		{4AFD2392-6E4A-42A8-812B-4E7FD0E16E29}.Debug|ARM64.Build.0 = Debug|ARM64
		{4AFD2392-6E4A-42A8-812B-4E7FD0E16E29}.Debug|x64.ActiveCfg = Debug|x64
		{4AFD2392-6E4A-42A8-812B-4E7FD0E16E29}.Debug|x64.Build.0 = Debug|x64
		{4AFD2392-6E4A-42A8-812B-4E7FD0E16E29}.Debug|x86.ActiveCfg = Debug|x86
		{4AFD2392-6E4A-42A8-812B-4E7FD0E16E29}.Debug|x86.Build.0 = Debug|x86
		{4AFD2392-6E4A-42A8-812B-4E7FD0E16E29}.Release|ARM.ActiveCfg = Release|ARM
		{4AFD2392-6E4A-42A8-812B-4E7FD0E16E29}.Release|ARM.Build.0 = Release|ARM
		{4AFD2392-6E4A-42A8-812B-4E7FD0E16E29}.Release|ARM64.ActiveCfg = Release|ARM64
		{4AFD2392-6E4A-42A8-812B-4E7FD0E16E29}.Release|ARM64.Build.0 = Release|ARM64
		{4AFD2392-6E4A-42A8-812B-4E7FD0E16E29}.Release|x64.ActiveCfg = Release|x64
		{4AFD2392-6E4A-42A8-812B-4E7FD0E16E29}.Release|x64.Build.0 = Release|x64
		{4AFD2392-6E4A-42A8-812B-4E7FD0E16E29}.Release|x86.ActiveCfg = Release|x86
		{4AFD2392-6E4A-42A8-812B-4E7FD0E16E29}.Release|x86.Build.0 = Release|x86
	EndGlobalSection
	GlobalSection(SolutionProperties) = preSolution
		HideSolutionNode = FALSE
	EndGlobalSection
	GlobalSection(ExtensibilityGlobals) = postSolution
		SolutionGuid = {798A591D-C483-4957-B5E8-C6DE8CD2B171}
	EndGlobalSection
EndGlobal
